
Microsoft Visual Studio Solution File, Format Version 11.00
# Visual Studio 2010
Project("{FAE04EC0-301F-11D3-BF4B-00C04F79EFBC}") = "SCCMCliCtr", "SCCMCliCtrWPF\SCCMCliCtr.csproj", "{D33449EC-2935-4500-9E72-2B235D9A3A39}"
EndProject
Global
	GlobalSection(TeamFoundationVersionControl) = preSolution
		SccNumberOfProjects = 2
		SccEnterpriseProvider = {4CA58AB2-18FA-4F8D-95D4-32DDF27D184C}
		SccTeamFoundationServer = https://tfs.codeplex.com/tfs/tfs26
		SccLocalPath0 = .
		SccProjectUniqueName1 = SCCMCliCtrWPF\\SCCMCliCtr.csproj
		SccProjectName1 = SCCMCliCtrWPF
		SccLocalPath1 = SCCMCliCtrWPF
	EndGlobalSection
	GlobalSection(SolutionConfigurationPlatforms) = preSolution
		Debug|Any CPU = Debug|Any CPU
		Release|Any CPU = Release|Any CPU
	EndGlobalSection
	GlobalSection(ProjectConfigurationPlatforms) = postSolution
		{D33449EC-2935-4500-9E72-2B235D9A3A39}.Debug|Any CPU.ActiveCfg = Debug|Any CPU
		{D33449EC-2935-4500-9E72-2B235D9A3A39}.Debug|Any CPU.Build.0 = Debug|Any CPU
		{D33449EC-2935-4500-9E72-2B235D9A3A39}.Release|Any CPU.ActiveCfg = Release|Any CPU
		{D33449EC-2935-4500-9E72-2B235D9A3A39}.Release|Any CPU.Build.0 = Release|Any CPU
	EndGlobalSection
	GlobalSection(SolutionProperties) = preSolution
		HideSolutionNode = FALSE
	EndGlobalSection
EndGlobal
