
Microsoft Visual Studio Solution File, Format Version 12.00
# Visual Studio 2012
Project("{FAE04EC0-301F-11D3-BF4B-00C04F79EFBC}") = "Plugin_SelfUpdate", "Plugin_SelfUpdate.csproj", "{CBB4DEFF-A961-43AD-8282-BF1B4BB5A6B6}"
EndProject
Global
	GlobalSection(SolutionConfigurationPlatforms) = preSolution
		Debug|Any CPU = Debug|Any CPU
		Release|Any CPU = Release|Any CPU
	EndGlobalSection
	GlobalSection(ProjectConfigurationPlatforms) = postSolution
		{CBB4DEFF-A961-43AD-8282-BF1B4BB5A6B6}.Debug|Any CPU.ActiveCfg = Debug|Any CPU
		{CBB4DEFF-A961-43AD-8282-BF1B4BB5A6B6}.Debug|Any CPU.Build.0 = Debug|Any CPU
		{CBB4DEFF-A961-43AD-8282-BF1B4BB5A6B6}.Release|Any CPU.ActiveCfg = Release|Any CPU
		{CBB4DEFF-A961-43AD-8282-BF1B4BB5A6B6}.Release|Any CPU.Build.0 = Release|Any CPU
	EndGlobalSection
	GlobalSection(SolutionProperties) = preSolution
		HideSolutionNode = FALSE
	EndGlobalSection
EndGlobal
