
Microsoft Visual Studio Solution File, Format Version 12.00
# Visual Studio 15
VisualStudioVersion = 15.0.28307.136
MinimumVisualStudioVersion = 10.0.40219.1
Project("{FAE04EC0-301F-11D3-BF4B-00C04F79EFBC}") = "Plugin_Explorer", "Plugin_Explorer.csproj", "{32500CFB-9311-4590-AA83-FB5A1F4DBCF3}"
EndProject
Global
	GlobalSection(SolutionConfigurationPlatforms) = preSolution
		Debug|Any CPU = Debug|Any CPU
		Release|Any CPU = Release|Any CPU
	EndGlobalSection
	GlobalSection(ProjectConfigurationPlatforms) = postSolution
		{32500CFB-9311-4590-AA83-FB5A1F4DBCF3}.Debug|Any CPU.ActiveCfg = Debug|Any CPU
		{32500CFB-9311-4590-AA83-FB5A1F4DBCF3}.Debug|Any CPU.Build.0 = Debug|Any CPU
		{32500CFB-9311-4590-AA83-FB5A1F4DBCF3}.Release|Any CPU.ActiveCfg = Release|Any CPU
		{32500CFB-9311-4590-AA83-FB5A1F4DBCF3}.Release|Any CPU.Build.0 = Release|Any CPU
	EndGlobalSection
	GlobalSection(SolutionProperties) = preSolution
		HideSolutionNode = FALSE
	EndGlobalSection
	GlobalSection(ExtensibilityGlobals) = postSolution
		SolutionGuid = {E00A5CE7-A1EF-4969-8593-353C34419757}
	EndGlobalSection
EndGlobal
