
Microsoft Visual Studio Solution File, Format Version 12.00
# Visual Studio 2012
Project("{FAE04EC0-301F-11D3-BF4B-00C04F79EFBC}") = "Plugin_CompMgmt", "Plugin_CompMgmt.csproj", "{0A6A892E-974E-4E3D-8227-1685FBA8A61C}"
EndProject
Global
	GlobalSection(SolutionConfigurationPlatforms) = preSolution
		Debug|Any CPU = Debug|Any CPU
		Release|Any CPU = Release|Any CPU
	EndGlobalSection
	GlobalSection(ProjectConfigurationPlatforms) = postSolution
		{0A6A892E-974E-4E3D-8227-1685FBA8A61C}.Debug|Any CPU.ActiveCfg = Debug|Any CPU
		{0A6A892E-974E-4E3D-8227-1685FBA8A61C}.Debug|Any CPU.Build.0 = Debug|Any CPU
		{0A6A892E-974E-4E3D-8227-1685FBA8A61C}.Release|Any CPU.ActiveCfg = Release|Any CPU
		{0A6A892E-974E-4E3D-8227-1685FBA8A61C}.Release|Any CPU.Build.0 = Release|Any CPU
	EndGlobalSection
	GlobalSection(SolutionProperties) = preSolution
		HideSolutionNode = FALSE
	EndGlobalSection
EndGlobal
